
Microsoft Visual Studio Solution File, Format Version 12.00
# Visual Studio 15
VisualStudioVersion = 15.0.28307.1300
MinimumVisualStudioVersion = 10.0.40219.1
Project("{FAE04EC0-301F-11D3-BF4B-00C04F79EFBC}") = "Gestionale", "Gestionale\Gestionale.csproj", "{BC8C4888-568C-4566-B40F-59F97AC9358B}"
EndProject
Global
	GlobalSection(SolutionConfigurationPlatforms) = preSolution
		Debug|Any CPU = Debug|Any CPU
		Release|Any CPU = Release|Any CPU
	EndGlobalSection
	GlobalSection(ProjectConfigurationPlatforms) = postSolution
		{BC8C4888-568C-4566-B40F-59F97AC9358B}.Debug|Any CPU.ActiveCfg = Debug|Any CPU
		{BC8C4888-568C-4566-B40F-59F97AC9358B}.Debug|Any CPU.Build.0 = Debug|Any CPU
		{BC8C4888-568C-4566-B40F-59F97AC9358B}.Release|Any CPU.ActiveCfg = Release|Any CPU
		{BC8C4888-568C-4566-B40F-59F97AC9358B}.Release|Any CPU.Build.0 = Release|Any CPU
	EndGlobalSection
	GlobalSection(SolutionProperties) = preSolution
		HideSolutionNode = FALSE
	EndGlobalSection
	GlobalSection(ExtensibilityGlobals) = postSolution
		SolutionGuid = {E33691AB-05ED-40FC-A51C-1D5EC18048B4}
	EndGlobalSection
EndGlobal
